// !$*UTF8*$!
{
	archiveVersion = 1;
	classes = {
	};
	objectVersion = 55;
	objects = {

/* Begin PBXBuildFile section */
		901D9AAC2714A056003731CD /* AppDelegate.swift in Sources */ = {isa = PBXBuildFile; fileRef = 901D9AAB2714A056003731CD /* AppDelegate.swift */; };
		901D9AAE2714A056003731CD /* SceneDelegate.swift in Sources */ = {isa = PBXBuildFile; fileRef = 901D9AAD2714A056003731CD /* SceneDelegate.swift */; };
		901D9AB02714A056003731CD /* ViewController.swift in Sources */ = {isa = PBXBuildFile; fileRef = 901D9AAF2714A056003731CD /* ViewController.swift */; };
		901D9AB32714A056003731CD /* Main.storyboard in Resources */ = {isa = PBXBuildFile; fileRef = 901D9AB12714A056003731CD /* Main.storyboard */; };
		901D9AB52714A060003731CD /* Assets.xcassets in Resources */ = {isa = PBXBuildFile; fileRef = 901D9AB42714A060003731CD /* Assets.xcassets */; };
		901D9AB82714A060003731CD /* LaunchScreen.storyboard in Resources */ = {isa = PBXBuildFile; fileRef = 901D9AB62714A060003731CD /* LaunchScreen.storyboard */; };
		901D9AC32714A060003731CD /* RickAndMortyTests.swift in Sources */ = {isa = PBXBuildFile; fileRef = 901D9AC22714A060003731CD /* RickAndMortyTests.swift */; };
		901D9ACD2714A060003731CD /* RickAndMortyUITests.swift in Sources */ = {isa = PBXBuildFile; fileRef = 901D9ACC2714A060003731CD /* RickAndMortyUITests.swift */; };
		901D9ACF2714A060003731CD /* RickAndMortyUITestsLaunchTests.swift in Sources */ = {isa = PBXBuildFile; fileRef = 901D9ACE2714A060003731CD /* RickAndMortyUITestsLaunchTests.swift */; };
		905CAFEA2714A85700BED40C /* RMCharacterModel.swift in Sources */ = {isa = PBXBuildFile; fileRef = 905CAFE92714A85700BED40C /* RMCharacterModel.swift */; };
		905CAFEC2714A8C700BED40C /* RMCharacterOriginModel.swift in Sources */ = {isa = PBXBuildFile; fileRef = 905CAFEB2714A8C700BED40C /* RMCharacterOriginModel.swift */; };
		905CAFEE2714A92F00BED40C /* RMCharacterLocationModel.swift in Sources */ = {isa = PBXBuildFile; fileRef = 905CAFED2714A92F00BED40C /* RMCharacterLocationModel.swift */; };
		905CAFF22714FD9100BED40C /* ResponseInfoModel.swift in Sources */ = {isa = PBXBuildFile; fileRef = 905CAFF12714FD9100BED40C /* ResponseInfoModel.swift */; };
		905CAFF42714FDC200BED40C /* CharacterResponseModel.swift in Sources */ = {isa = PBXBuildFile; fileRef = 905CAFF32714FDC200BED40C /* CharacterResponseModel.swift */; };
		905CAFF92714FF1300BED40C /* RickAndMortyCharacterDataApiRemoteProtocol.swift in Sources */ = {isa = PBXBuildFile; fileRef = 905CAFF82714FF1300BED40C /* RickAndMortyCharacterDataApiRemoteProtocol.swift */; };
		905CAFFE27150F9300BED40C /* EndpointManager.swift in Sources */ = {isa = PBXBuildFile; fileRef = 905CAFFD27150F9300BED40C /* EndpointManager.swift */; };
		905CB001271511EC00BED40C /* DefaultNetworkOperationPackage in Frameworks */ = {isa = PBXBuildFile; productRef = 905CB000271511EC00BED40C /* DefaultNetworkOperationPackage */; };
		905CB0052715128B00BED40C /* CharacterListRequestServiceProvider.swift in Sources */ = {isa = PBXBuildFile; fileRef = 905CB0042715128B00BED40C /* CharacterListRequestServiceProvider.swift */; };
		905CB00A2715133600BED40C /* CharacterListRequestModel.swift in Sources */ = {isa = PBXBuildFile; fileRef = 905CB0092715133600BED40C /* CharacterListRequestModel.swift */; };
		905CB00D271517B800BED40C /* RickAndMortyDataApiRemote.swift in Sources */ = {isa = PBXBuildFile; fileRef = 905CB00C271517B800BED40C /* RickAndMortyDataApiRemote.swift */; };
		905CB00F27151CDD00BED40C /* CharacterRequestModel.swift in Sources */ = {isa = PBXBuildFile; fileRef = 905CB00E27151CDD00BED40C /* CharacterRequestModel.swift */; };
		905CB01127151CF600BED40C /* CharacterRequestServiceProvider.swift in Sources */ = {isa = PBXBuildFile; fileRef = 905CB01027151CF600BED40C /* CharacterRequestServiceProvider.swift */; };
		90631A232718428F006BE066 /* ImageCacheManager.swift in Sources */ = {isa = PBXBuildFile; fileRef = 90631A222718428F006BE066 /* ImageCacheManager.swift */; };
		90631A2A271842D7006BE066 /* CustomImageViewComponentContainer.swift in Sources */ = {isa = PBXBuildFile; fileRef = 90631A26271842D7006BE066 /* CustomImageViewComponentContainer.swift */; };
		90631A2B271842D7006BE066 /* CustomImageViewComponentData.swift in Sources */ = {isa = PBXBuildFile; fileRef = 90631A27271842D7006BE066 /* CustomImageViewComponentData.swift */; };
		90631A2C271842D7006BE066 /* CustomImageViewComponent.swift in Sources */ = {isa = PBXBuildFile; fileRef = 90631A28271842D7006BE066 /* CustomImageViewComponent.swift */; };
		90631A2D271842D7006BE066 /* CustomImageLoadingType.swift in Sources */ = {isa = PBXBuildFile; fileRef = 90631A29271842D7006BE066 /* CustomImageLoadingType.swift */; };
		90631A352718444B006BE066 /* GenericValueProtocol.swift in Sources */ = {isa = PBXBuildFile; fileRef = 90631A2F2718444B006BE066 /* GenericValueProtocol.swift */; };
		90631A362718444B006BE066 /* BaseViewController.swift in Sources */ = {isa = PBXBuildFile; fileRef = 90631A302718444B006BE066 /* BaseViewController.swift */; };
		90631A382718444B006BE066 /* GenericDataProtocol.swift in Sources */ = {isa = PBXBuildFile; fileRef = 90631A322718444B006BE066 /* GenericDataProtocol.swift */; };
		90631A392718444B006BE066 /* GenericBaseView.swift in Sources */ = {isa = PBXBuildFile; fileRef = 90631A332718444B006BE066 /* GenericBaseView.swift */; };
		90631A3A2718444B006BE066 /* BaseView.swift in Sources */ = {isa = PBXBuildFile; fileRef = 90631A342718444B006BE066 /* BaseView.swift */; };
		90631A41271847C8006BE066 /* FontManager.swift in Sources */ = {isa = PBXBuildFile; fileRef = 90631A40271847C8006BE066 /* FontManager.swift */; };
		90631A4627184A4B006BE066 /* CharacterHeaderData.swift in Sources */ = {isa = PBXBuildFile; fileRef = 90631A4527184A4B006BE066 /* CharacterHeaderData.swift */; };
		90631A4927184ADA006BE066 /* CharacterHeaderComponent.swift in Sources */ = {isa = PBXBuildFile; fileRef = 90631A4827184ADA006BE066 /* CharacterHeaderComponent.swift */; };
		90631A4C2718566C006BE066 /* CharacterSimpleRowData.swift in Sources */ = {isa = PBXBuildFile; fileRef = 90631A4B2718566C006BE066 /* CharacterSimpleRowData.swift */; };
		90631A4E27185712006BE066 /* CharacterSimpleRowComponent.swift in Sources */ = {isa = PBXBuildFile; fileRef = 90631A4D27185712006BE066 /* CharacterSimpleRowComponent.swift */; };
		90631A52271858CC006BE066 /* CharacterLocationData.swift in Sources */ = {isa = PBXBuildFile; fileRef = 90631A51271858CC006BE066 /* CharacterLocationData.swift */; };
		90631A5427185947006BE066 /* CharacterLocationComponent.swift in Sources */ = {isa = PBXBuildFile; fileRef = 90631A5327185947006BE066 /* CharacterLocationComponent.swift */; };
		90631A5727185A02006BE066 /* RickAndMortyColor.swift in Sources */ = {isa = PBXBuildFile; fileRef = 90631A5627185A02006BE066 /* RickAndMortyColor.swift */; };
		90631A6027185C72006BE066 /* LocationTitle.swift in Sources */ = {isa = PBXBuildFile; fileRef = 90631A5F27185C72006BE066 /* LocationTitle.swift */; };
		90631A6427188792006BE066 /* CharacterCardLabelPackComponent.swift in Sources */ = {isa = PBXBuildFile; fileRef = 90631A6327188792006BE066 /* CharacterCardLabelPackComponent.swift */; };
		90631A66271887A2006BE066 /* CharacterCardLabelPackData.swift in Sources */ = {isa = PBXBuildFile; fileRef = 90631A65271887A2006BE066 /* CharacterCardLabelPackData.swift */; };
		90631A6827188C87006BE066 /* BaseCollectionViewCell.swift in Sources */ = {isa = PBXBuildFile; fileRef = 90631A6727188C87006BE066 /* BaseCollectionViewCell.swift */; };
		90631A6A27188CD6006BE066 /* GenericCollectionViewCell.swift in Sources */ = {isa = PBXBuildFile; fileRef = 90631A6927188CD6006BE066 /* GenericCollectionViewCell.swift */; };
		90631A6D27188EC5006BE066 /* CharacterCardData.swift in Sources */ = {isa = PBXBuildFile; fileRef = 90631A6C27188EC5006BE066 /* CharacterCardData.swift */; };
		90631A6F27188F37006BE066 /* CharacterCardComponent.swift in Sources */ = {isa = PBXBuildFile; fileRef = 90631A6E27188F37006BE066 /* CharacterCardComponent.swift */; };
		90631A752718F2FC006BE066 /* CharacterCollectionViewCell.swift in Sources */ = {isa = PBXBuildFile; fileRef = 90631A742718F2FC006BE066 /* CharacterCollectionViewCell.swift */; };
		90631A792718F493006BE066 /* CharacterCollectionComponentDelegate.swift in Sources */ = {isa = PBXBuildFile; fileRef = 90631A782718F493006BE066 /* CharacterCollectionComponentDelegate.swift */; };
		90631A7B2718F4F4006BE066 /* CharacterCollectionViewData.swift in Sources */ = {isa = PBXBuildFile; fileRef = 90631A7A2718F4F4006BE066 /* CharacterCollectionViewData.swift */; };
		90631A7D2718F50A006BE066 /* CharacterCollectionView.swift in Sources */ = {isa = PBXBuildFile; fileRef = 90631A7C2718F50A006BE066 /* CharacterCollectionView.swift */; };
		90631A802718FA52006BE066 /* UICollectionView+Extension.swift in Sources */ = {isa = PBXBuildFile; fileRef = 90631A7F2718FA52006BE066 /* UICollectionView+Extension.swift */; };
/* End PBXBuildFile section */

/* Begin PBXContainerItemProxy section */
		901D9ABF2714A060003731CD /* PBXContainerItemProxy */ = {
			isa = PBXContainerItemProxy;
			containerPortal = 901D9AA02714A056003731CD /* Project object */;
			proxyType = 1;
			remoteGlobalIDString = 901D9AA72714A056003731CD;
			remoteInfo = RickAndMorty;
		};
		901D9AC92714A060003731CD /* PBXContainerItemProxy */ = {
			isa = PBXContainerItemProxy;
			containerPortal = 901D9AA02714A056003731CD /* Project object */;
			proxyType = 1;
			remoteGlobalIDString = 901D9AA72714A056003731CD;
			remoteInfo = RickAndMorty;
		};
/* End PBXContainerItemProxy section */

/* Begin PBXFileReference section */
		901D9AA82714A056003731CD /* RickAndMorty.app */ = {isa = PBXFileReference; explicitFileType = wrapper.application; includeInIndex = 0; path = RickAndMorty.app; sourceTree = BUILT_PRODUCTS_DIR; };
		901D9AAB2714A056003731CD /* AppDelegate.swift */ = {isa = PBXFileReference; lastKnownFileType = sourcecode.swift; path = AppDelegate.swift; sourceTree = "<group>"; };
		901D9AAD2714A056003731CD /* SceneDelegate.swift */ = {isa = PBXFileReference; lastKnownFileType = sourcecode.swift; path = SceneDelegate.swift; sourceTree = "<group>"; };
		901D9AAF2714A056003731CD /* ViewController.swift */ = {isa = PBXFileReference; lastKnownFileType = sourcecode.swift; path = ViewController.swift; sourceTree = "<group>"; };
		901D9AB22714A056003731CD /* Base */ = {isa = PBXFileReference; lastKnownFileType = file.storyboard; name = Base; path = Base.lproj/Main.storyboard; sourceTree = "<group>"; };
		901D9AB42714A060003731CD /* Assets.xcassets */ = {isa = PBXFileReference; lastKnownFileType = folder.assetcatalog; path = Assets.xcassets; sourceTree = "<group>"; };
		901D9AB72714A060003731CD /* Base */ = {isa = PBXFileReference; lastKnownFileType = file.storyboard; name = Base; path = Base.lproj/LaunchScreen.storyboard; sourceTree = "<group>"; };
		901D9AB92714A060003731CD /* Info.plist */ = {isa = PBXFileReference; lastKnownFileType = text.plist.xml; path = Info.plist; sourceTree = "<group>"; };
		901D9ABE2714A060003731CD /* RickAndMortyTests.xctest */ = {isa = PBXFileReference; explicitFileType = wrapper.cfbundle; includeInIndex = 0; path = RickAndMortyTests.xctest; sourceTree = BUILT_PRODUCTS_DIR; };
		901D9AC22714A060003731CD /* RickAndMortyTests.swift */ = {isa = PBXFileReference; lastKnownFileType = sourcecode.swift; path = RickAndMortyTests.swift; sourceTree = "<group>"; };
		901D9AC82714A060003731CD /* RickAndMortyUITests.xctest */ = {isa = PBXFileReference; explicitFileType = wrapper.cfbundle; includeInIndex = 0; path = RickAndMortyUITests.xctest; sourceTree = BUILT_PRODUCTS_DIR; };
		901D9ACC2714A060003731CD /* RickAndMortyUITests.swift */ = {isa = PBXFileReference; lastKnownFileType = sourcecode.swift; path = RickAndMortyUITests.swift; sourceTree = "<group>"; };
		901D9ACE2714A060003731CD /* RickAndMortyUITestsLaunchTests.swift */ = {isa = PBXFileReference; lastKnownFileType = sourcecode.swift; path = RickAndMortyUITestsLaunchTests.swift; sourceTree = "<group>"; };
		905CAFE92714A85700BED40C /* RMCharacterModel.swift */ = {isa = PBXFileReference; lastKnownFileType = sourcecode.swift; path = RMCharacterModel.swift; sourceTree = "<group>"; };
		905CAFEB2714A8C700BED40C /* RMCharacterOriginModel.swift */ = {isa = PBXFileReference; lastKnownFileType = sourcecode.swift; path = RMCharacterOriginModel.swift; sourceTree = "<group>"; };
		905CAFED2714A92F00BED40C /* RMCharacterLocationModel.swift */ = {isa = PBXFileReference; lastKnownFileType = sourcecode.swift; path = RMCharacterLocationModel.swift; sourceTree = "<group>"; };
		905CAFF12714FD9100BED40C /* ResponseInfoModel.swift */ = {isa = PBXFileReference; lastKnownFileType = sourcecode.swift; path = ResponseInfoModel.swift; sourceTree = "<group>"; };
		905CAFF32714FDC200BED40C /* CharacterResponseModel.swift */ = {isa = PBXFileReference; lastKnownFileType = sourcecode.swift; path = CharacterResponseModel.swift; sourceTree = "<group>"; };
		905CAFF82714FF1300BED40C /* RickAndMortyCharacterDataApiRemoteProtocol.swift */ = {isa = PBXFileReference; lastKnownFileType = sourcecode.swift; path = RickAndMortyCharacterDataApiRemoteProtocol.swift; sourceTree = "<group>"; };
		905CAFFD27150F9300BED40C /* EndpointManager.swift */ = {isa = PBXFileReference; lastKnownFileType = sourcecode.swift; path = EndpointManager.swift; sourceTree = "<group>"; };
		905CB0042715128B00BED40C /* CharacterListRequestServiceProvider.swift */ = {isa = PBXFileReference; lastKnownFileType = sourcecode.swift; path = CharacterListRequestServiceProvider.swift; sourceTree = "<group>"; };
		905CB0092715133600BED40C /* CharacterListRequestModel.swift */ = {isa = PBXFileReference; lastKnownFileType = sourcecode.swift; path = CharacterListRequestModel.swift; sourceTree = "<group>"; };
		905CB00C271517B800BED40C /* RickAndMortyDataApiRemote.swift */ = {isa = PBXFileReference; lastKnownFileType = sourcecode.swift; path = RickAndMortyDataApiRemote.swift; sourceTree = "<group>"; };
		905CB00E27151CDD00BED40C /* CharacterRequestModel.swift */ = {isa = PBXFileReference; lastKnownFileType = sourcecode.swift; path = CharacterRequestModel.swift; sourceTree = "<group>"; };
		905CB01027151CF600BED40C /* CharacterRequestServiceProvider.swift */ = {isa = PBXFileReference; lastKnownFileType = sourcecode.swift; path = CharacterRequestServiceProvider.swift; sourceTree = "<group>"; };
		90631A222718428F006BE066 /* ImageCacheManager.swift */ = {isa = PBXFileReference; fileEncoding = 4; lastKnownFileType = sourcecode.swift; path = ImageCacheManager.swift; sourceTree = "<group>"; };
		90631A26271842D7006BE066 /* CustomImageViewComponentContainer.swift */ = {isa = PBXFileReference; fileEncoding = 4; lastKnownFileType = sourcecode.swift; path = CustomImageViewComponentContainer.swift; sourceTree = "<group>"; };
		90631A27271842D7006BE066 /* CustomImageViewComponentData.swift */ = {isa = PBXFileReference; fileEncoding = 4; lastKnownFileType = sourcecode.swift; path = CustomImageViewComponentData.swift; sourceTree = "<group>"; };
		90631A28271842D7006BE066 /* CustomImageViewComponent.swift */ = {isa = PBXFileReference; fileEncoding = 4; lastKnownFileType = sourcecode.swift; path = CustomImageViewComponent.swift; sourceTree = "<group>"; };
		90631A29271842D7006BE066 /* CustomImageLoadingType.swift */ = {isa = PBXFileReference; fileEncoding = 4; lastKnownFileType = sourcecode.swift; path = CustomImageLoadingType.swift; sourceTree = "<group>"; };
		90631A2F2718444B006BE066 /* GenericValueProtocol.swift */ = {isa = PBXFileReference; fileEncoding = 4; lastKnownFileType = sourcecode.swift; path = GenericValueProtocol.swift; sourceTree = "<group>"; };
		90631A302718444B006BE066 /* BaseViewController.swift */ = {isa = PBXFileReference; fileEncoding = 4; lastKnownFileType = sourcecode.swift; path = BaseViewController.swift; sourceTree = "<group>"; };
		90631A322718444B006BE066 /* GenericDataProtocol.swift */ = {isa = PBXFileReference; fileEncoding = 4; lastKnownFileType = sourcecode.swift; path = GenericDataProtocol.swift; sourceTree = "<group>"; };
		90631A332718444B006BE066 /* GenericBaseView.swift */ = {isa = PBXFileReference; fileEncoding = 4; lastKnownFileType = sourcecode.swift; path = GenericBaseView.swift; sourceTree = "<group>"; };
		90631A342718444B006BE066 /* BaseView.swift */ = {isa = PBXFileReference; fileEncoding = 4; lastKnownFileType = sourcecode.swift; path = BaseView.swift; sourceTree = "<group>"; };
		90631A3D27184589006BE066 /* Roboto-Bold.ttf */ = {isa = PBXFileReference; lastKnownFileType = file; path = "Roboto-Bold.ttf"; sourceTree = "<group>"; };
		90631A3E27184589006BE066 /* Roboto-Medium.ttf */ = {isa = PBXFileReference; lastKnownFileType = file; path = "Roboto-Medium.ttf"; sourceTree = "<group>"; };
		90631A3F27184589006BE066 /* Roboto-Regular.ttf */ = {isa = PBXFileReference; lastKnownFileType = file; path = "Roboto-Regular.ttf"; sourceTree = "<group>"; };
		90631A40271847C8006BE066 /* FontManager.swift */ = {isa = PBXFileReference; lastKnownFileType = sourcecode.swift; path = FontManager.swift; sourceTree = "<group>"; };
		90631A4527184A4B006BE066 /* CharacterHeaderData.swift */ = {isa = PBXFileReference; lastKnownFileType = sourcecode.swift; path = CharacterHeaderData.swift; sourceTree = "<group>"; };
		90631A4827184ADA006BE066 /* CharacterHeaderComponent.swift */ = {isa = PBXFileReference; lastKnownFileType = sourcecode.swift; path = CharacterHeaderComponent.swift; sourceTree = "<group>"; };
		90631A4B2718566C006BE066 /* CharacterSimpleRowData.swift */ = {isa = PBXFileReference; lastKnownFileType = sourcecode.swift; path = CharacterSimpleRowData.swift; sourceTree = "<group>"; };
		90631A4D27185712006BE066 /* CharacterSimpleRowComponent.swift */ = {isa = PBXFileReference; lastKnownFileType = sourcecode.swift; path = CharacterSimpleRowComponent.swift; sourceTree = "<group>"; };
		90631A51271858CC006BE066 /* CharacterLocationData.swift */ = {isa = PBXFileReference; lastKnownFileType = sourcecode.swift; path = CharacterLocationData.swift; sourceTree = "<group>"; };
		90631A5327185947006BE066 /* CharacterLocationComponent.swift */ = {isa = PBXFileReference; lastKnownFileType = sourcecode.swift; path = CharacterLocationComponent.swift; sourceTree = "<group>"; };
		90631A5627185A02006BE066 /* RickAndMortyColor.swift */ = {isa = PBXFileReference; lastKnownFileType = sourcecode.swift; path = RickAndMortyColor.swift; sourceTree = "<group>"; };
		90631A5F27185C72006BE066 /* LocationTitle.swift */ = {isa = PBXFileReference; lastKnownFileType = sourcecode.swift; path = LocationTitle.swift; sourceTree = "<group>"; };
		90631A6327188792006BE066 /* CharacterCardLabelPackComponent.swift */ = {isa = PBXFileReference; lastKnownFileType = sourcecode.swift; path = CharacterCardLabelPackComponent.swift; sourceTree = "<group>"; };
		90631A65271887A2006BE066 /* CharacterCardLabelPackData.swift */ = {isa = PBXFileReference; lastKnownFileType = sourcecode.swift; path = CharacterCardLabelPackData.swift; sourceTree = "<group>"; };
		90631A6727188C87006BE066 /* BaseCollectionViewCell.swift */ = {isa = PBXFileReference; lastKnownFileType = sourcecode.swift; path = BaseCollectionViewCell.swift; sourceTree = "<group>"; };
		90631A6927188CD6006BE066 /* GenericCollectionViewCell.swift */ = {isa = PBXFileReference; lastKnownFileType = sourcecode.swift; path = GenericCollectionViewCell.swift; sourceTree = "<group>"; };
		90631A6C27188EC5006BE066 /* CharacterCardData.swift */ = {isa = PBXFileReference; lastKnownFileType = sourcecode.swift; path = CharacterCardData.swift; sourceTree = "<group>"; };
		90631A6E27188F37006BE066 /* CharacterCardComponent.swift */ = {isa = PBXFileReference; lastKnownFileType = sourcecode.swift; path = CharacterCardComponent.swift; sourceTree = "<group>"; };
		90631A742718F2FC006BE066 /* CharacterCollectionViewCell.swift */ = {isa = PBXFileReference; lastKnownFileType = sourcecode.swift; path = CharacterCollectionViewCell.swift; sourceTree = "<group>"; };
		90631A782718F493006BE066 /* CharacterCollectionComponentDelegate.swift */ = {isa = PBXFileReference; lastKnownFileType = sourcecode.swift; path = CharacterCollectionComponentDelegate.swift; sourceTree = "<group>"; };
		90631A7A2718F4F4006BE066 /* CharacterCollectionViewData.swift */ = {isa = PBXFileReference; lastKnownFileType = sourcecode.swift; path = CharacterCollectionViewData.swift; sourceTree = "<group>"; };
		90631A7C2718F50A006BE066 /* CharacterCollectionView.swift */ = {isa = PBXFileReference; lastKnownFileType = sourcecode.swift; path = CharacterCollectionView.swift; sourceTree = "<group>"; };
		90631A7F2718FA52006BE066 /* UICollectionView+Extension.swift */ = {isa = PBXFileReference; lastKnownFileType = sourcecode.swift; path = "UICollectionView+Extension.swift"; sourceTree = "<group>"; };
/* End PBXFileReference section */

/* Begin PBXFrameworksBuildPhase section */
		901D9AA52714A056003731CD /* Frameworks */ = {
			isa = PBXFrameworksBuildPhase;
			buildActionMask = 2147483647;
			files = (
				905CB001271511EC00BED40C /* DefaultNetworkOperationPackage in Frameworks */,
			);
			runOnlyForDeploymentPostprocessing = 0;
		};
		901D9ABB2714A060003731CD /* Frameworks */ = {
			isa = PBXFrameworksBuildPhase;
			buildActionMask = 2147483647;
			files = (
			);
			runOnlyForDeploymentPostprocessing = 0;
		};
		901D9AC52714A060003731CD /* Frameworks */ = {
			isa = PBXFrameworksBuildPhase;
			buildActionMask = 2147483647;
			files = (
			);
			runOnlyForDeploymentPostprocessing = 0;
		};
/* End PBXFrameworksBuildPhase section */

/* Begin PBXGroup section */
		901D9A9F2714A056003731CD = {
			isa = PBXGroup;
			children = (
				901D9AAA2714A056003731CD /* RickAndMorty */,
				901D9AC12714A060003731CD /* RickAndMortyTests */,
				901D9ACB2714A060003731CD /* RickAndMortyUITests */,
				901D9AA92714A056003731CD /* Products */,
			);
			sourceTree = "<group>";
		};
		901D9AA92714A056003731CD /* Products */ = {
			isa = PBXGroup;
			children = (
				901D9AA82714A056003731CD /* RickAndMorty.app */,
				901D9ABE2714A060003731CD /* RickAndMortyTests.xctest */,
				901D9AC82714A060003731CD /* RickAndMortyUITests.xctest */,
			);
			name = Products;
			sourceTree = "<group>";
		};
		901D9AAA2714A056003731CD /* RickAndMorty */ = {
			isa = PBXGroup;
			children = (
				90631A2427184299006BE066 /* Components */,
				905CAFF52714FE3000BED40C /* DataOperations */,
				905CAFFA27150F6B00BED40C /* Managers */,
				90631A5827185BEF006BE066 /* SupportingFiles */,
				905CAFE72714A83600BED40C /* Models */,
				90631A4227184965006BE066 /* Utilities */,
				901D9AAB2714A056003731CD /* AppDelegate.swift */,
				901D9AAD2714A056003731CD /* SceneDelegate.swift */,
				901D9AAF2714A056003731CD /* ViewController.swift */,
				901D9AB12714A056003731CD /* Main.storyboard */,
				901D9AB42714A060003731CD /* Assets.xcassets */,
				901D9AB62714A060003731CD /* LaunchScreen.storyboard */,
				901D9AB92714A060003731CD /* Info.plist */,
			);
			path = RickAndMorty;
			sourceTree = "<group>";
		};
		901D9AC12714A060003731CD /* RickAndMortyTests */ = {
			isa = PBXGroup;
			children = (
				901D9AC22714A060003731CD /* RickAndMortyTests.swift */,
			);
			path = RickAndMortyTests;
			sourceTree = "<group>";
		};
		901D9ACB2714A060003731CD /* RickAndMortyUITests */ = {
			isa = PBXGroup;
			children = (
				901D9ACC2714A060003731CD /* RickAndMortyUITests.swift */,
				901D9ACE2714A060003731CD /* RickAndMortyUITestsLaunchTests.swift */,
			);
			path = RickAndMortyUITests;
			sourceTree = "<group>";
		};
		905CAFE72714A83600BED40C /* Models */ = {
			isa = PBXGroup;
			children = (
				905CAFF62714FEDB00BED40C /* DataOperationModels */,
				905CAFE82714A84000BED40C /* CharacterModels */,
				905CAFF02714FD8400BED40C /* ApiModels */,
			);
			path = Models;
			sourceTree = "<group>";
		};
		905CAFE82714A84000BED40C /* CharacterModels */ = {
			isa = PBXGroup;
			children = (
				905CAFE92714A85700BED40C /* RMCharacterModel.swift */,
				905CAFEB2714A8C700BED40C /* RMCharacterOriginModel.swift */,
				905CAFED2714A92F00BED40C /* RMCharacterLocationModel.swift */,
			);
			path = CharacterModels;
			sourceTree = "<group>";
		};
		905CAFF02714FD8400BED40C /* ApiModels */ = {
			isa = PBXGroup;
			children = (
				905CB0082715131300BED40C /* RequestsModels */,
				905CB007271512F100BED40C /* ResponsesModels */,
			);
			path = ApiModels;
			sourceTree = "<group>";
		};
		905CAFF52714FE3000BED40C /* DataOperations */ = {
			isa = PBXGroup;
			children = (
				905CB00B271517A100BED40C /* Remote */,
				905CB0022715125A00BED40C /* ServiceProviders */,
				905CAFF72714FEE800BED40C /* Protocols */,
			);
			path = DataOperations;
			sourceTree = "<group>";
		};
		905CAFF62714FEDB00BED40C /* DataOperationModels */ = {
			isa = PBXGroup;
			children = (
			);
			path = DataOperationModels;
			sourceTree = "<group>";
		};
		905CAFF72714FEE800BED40C /* Protocols */ = {
			isa = PBXGroup;
			children = (
				905CAFF82714FF1300BED40C /* RickAndMortyCharacterDataApiRemoteProtocol.swift */,
			);
			path = Protocols;
			sourceTree = "<group>";
		};
		905CAFFA27150F6B00BED40C /* Managers */ = {
			isa = PBXGroup;
			children = (
			);
			path = Managers;
			sourceTree = "<group>";
		};
		905CAFFB27150F6E00BED40C /* EndpointManager */ = {
			isa = PBXGroup;
			children = (
				905CAFFD27150F9300BED40C /* EndpointManager.swift */,
			);
			path = EndpointManager;
			sourceTree = "<group>";
		};
		905CB0022715125A00BED40C /* ServiceProviders */ = {
			isa = PBXGroup;
			children = (
				905CB0042715128B00BED40C /* CharacterListRequestServiceProvider.swift */,
				905CB01027151CF600BED40C /* CharacterRequestServiceProvider.swift */,
			);
			path = ServiceProviders;
			sourceTree = "<group>";
		};
		905CB007271512F100BED40C /* ResponsesModels */ = {
			isa = PBXGroup;
			children = (
				905CAFF12714FD9100BED40C /* ResponseInfoModel.swift */,
				905CAFF32714FDC200BED40C /* CharacterResponseModel.swift */,
			);
			path = ResponsesModels;
			sourceTree = "<group>";
		};
		905CB0082715131300BED40C /* RequestsModels */ = {
			isa = PBXGroup;
			children = (
				905CB0092715133600BED40C /* CharacterListRequestModel.swift */,
				905CB00E27151CDD00BED40C /* CharacterRequestModel.swift */,
			);
			path = RequestsModels;
			sourceTree = "<group>";
		};
		905CB00B271517A100BED40C /* Remote */ = {
			isa = PBXGroup;
			children = (
				905CB00C271517B800BED40C /* RickAndMortyDataApiRemote.swift */,
			);
			path = Remote;
			sourceTree = "<group>";
		};
		90631A212718428F006BE066 /* CacheManagers */ = {
			isa = PBXGroup;
			children = (
				90631A222718428F006BE066 /* ImageCacheManager.swift */,
			);
			path = CacheManagers;
			sourceTree = "<group>";
		};
		90631A2427184299006BE066 /* Components */ = {
			isa = PBXGroup;
			children = (
				90631A722718F2AE006BE066 /* CharacterCollectionComponents */,
				90631A6B27188DE6006BE066 /* CharacterCardComponent */,
				90631A612718871E006BE066 /* CharacterLabelPackComponent */,
				90631A4F271857B4006BE066 /* CharacterLocationComponent */,
				90631A4A2718565A006BE066 /* CharacterInfoComponent */,
				90631A4327184A1E006BE066 /* CharacterHeaderComponent */,
				90631A25271842D7006BE066 /* CustomImageViewComponent */,
			);
			path = Components;
			sourceTree = "<group>";
		};
		90631A25271842D7006BE066 /* CustomImageViewComponent */ = {
			isa = PBXGroup;
			children = (
				90631A26271842D7006BE066 /* CustomImageViewComponentContainer.swift */,
				90631A27271842D7006BE066 /* CustomImageViewComponentData.swift */,
				90631A28271842D7006BE066 /* CustomImageViewComponent.swift */,
				90631A29271842D7006BE066 /* CustomImageLoadingType.swift */,
			);
			path = CustomImageViewComponent;
			sourceTree = "<group>";
		};
		90631A3B27184544006BE066 /* FontManager */ = {
			isa = PBXGroup;
			children = (
				90631A3C2718454E006BE066 /* fonts */,
				90631A40271847C8006BE066 /* FontManager.swift */,
			);
			path = FontManager;
			sourceTree = "<group>";
		};
		90631A3C2718454E006BE066 /* fonts */ = {
			isa = PBXGroup;
			children = (
				90631A3D27184589006BE066 /* Roboto-Bold.ttf */,
				90631A3E27184589006BE066 /* Roboto-Medium.ttf */,
				90631A3F27184589006BE066 /* Roboto-Regular.ttf */,
			);
			path = fonts;
			sourceTree = "<group>";
		};
		90631A4227184965006BE066 /* Utilities */ = {
			isa = PBXGroup;
			children = (
				90631A7E2718FA41006BE066 /* Extensions */,
				90631A55271859E0006BE066 /* ColorHelpers */,
				905CAFFB27150F6E00BED40C /* EndpointManager */,
				90631A212718428F006BE066 /* CacheManagers */,
				90631A3B27184544006BE066 /* FontManager */,
			);
			path = Utilities;
			sourceTree = "<group>";
		};
		90631A4327184A1E006BE066 /* CharacterHeaderComponent */ = {
			isa = PBXGroup;
			children = (
				90631A4527184A4B006BE066 /* CharacterHeaderData.swift */,
				90631A4827184ADA006BE066 /* CharacterHeaderComponent.swift */,
			);
			path = CharacterHeaderComponent;
			sourceTree = "<group>";
		};
		90631A4A2718565A006BE066 /* CharacterInfoComponent */ = {
			isa = PBXGroup;
			children = (
				90631A4B2718566C006BE066 /* CharacterSimpleRowData.swift */,
				90631A4D27185712006BE066 /* CharacterSimpleRowComponent.swift */,
			);
			path = CharacterInfoComponent;
			sourceTree = "<group>";
		};
		90631A4F271857B4006BE066 /* CharacterLocationComponent */ = {
			isa = PBXGroup;
			children = (
				90631A51271858CC006BE066 /* CharacterLocationData.swift */,
				90631A5327185947006BE066 /* CharacterLocationComponent.swift */,
			);
			path = CharacterLocationComponent;
			sourceTree = "<group>";
		};
		90631A55271859E0006BE066 /* ColorHelpers */ = {
			isa = PBXGroup;
			children = (
				90631A5627185A02006BE066 /* RickAndMortyColor.swift */,
			);
			path = ColorHelpers;
			sourceTree = "<group>";
		};
		90631A5827185BEF006BE066 /* SupportingFiles */ = {
			isa = PBXGroup;
			children = (
				90631A5A27185BFF006BE066 /* BaseModules */,
				90631A5927185BF6006BE066 /* CommonModules */,
			);
			path = SupportingFiles;
			sourceTree = "<group>";
		};
		90631A5927185BF6006BE066 /* CommonModules */ = {
			isa = PBXGroup;
			children = (
				90631A5D27185C46006BE066 /* Enums */,
				90631A5C27185C2B006BE066 /* Protocols */,
			);
			path = CommonModules;
			sourceTree = "<group>";
		};
		90631A5A27185BFF006BE066 /* BaseModules */ = {
			isa = PBXGroup;
			children = (
				90631A5B27185C0D006BE066 /* Views */,
			);
			path = BaseModules;
			sourceTree = "<group>";
		};
		90631A5B27185C0D006BE066 /* Views */ = {
			isa = PBXGroup;
			children = (
				90631A302718444B006BE066 /* BaseViewController.swift */,
				90631A332718444B006BE066 /* GenericBaseView.swift */,
				90631A342718444B006BE066 /* BaseView.swift */,
				90631A6727188C87006BE066 /* BaseCollectionViewCell.swift */,
				90631A6927188CD6006BE066 /* GenericCollectionViewCell.swift */,
			);
			path = Views;
			sourceTree = "<group>";
		};
		90631A5C27185C2B006BE066 /* Protocols */ = {
			isa = PBXGroup;
			children = (
				90631A2F2718444B006BE066 /* GenericValueProtocol.swift */,
				90631A322718444B006BE066 /* GenericDataProtocol.swift */,
			);
			path = Protocols;
			sourceTree = "<group>";
		};
		90631A5D27185C46006BE066 /* Enums */ = {
			isa = PBXGroup;
			children = (
				90631A5F27185C72006BE066 /* LocationTitle.swift */,
			);
			path = Enums;
			sourceTree = "<group>";
		};
		90631A612718871E006BE066 /* CharacterLabelPackComponent */ = {
			isa = PBXGroup;
			children = (
				90631A6327188792006BE066 /* CharacterCardLabelPackComponent.swift */,
				90631A65271887A2006BE066 /* CharacterCardLabelPackData.swift */,
			);
			path = CharacterLabelPackComponent;
			sourceTree = "<group>";
		};
		90631A6B27188DE6006BE066 /* CharacterCardComponent */ = {
			isa = PBXGroup;
			children = (
				90631A6C27188EC5006BE066 /* CharacterCardData.swift */,
				90631A6E27188F37006BE066 /* CharacterCardComponent.swift */,
			);
			path = CharacterCardComponent;
			sourceTree = "<group>";
		};
		90631A722718F2AE006BE066 /* CharacterCollectionComponents */ = {
			isa = PBXGroup;
			children = (
				90631A762718F474006BE066 /* MainComponents */,
				90631A732718F2C1006BE066 /* CellComponents */,
			);
			path = CharacterCollectionComponents;
			sourceTree = "<group>";
		};
		90631A732718F2C1006BE066 /* CellComponents */ = {
			isa = PBXGroup;
			children = (
				90631A742718F2FC006BE066 /* CharacterCollectionViewCell.swift */,
			);
			path = CellComponents;
			sourceTree = "<group>";
		};
		90631A762718F474006BE066 /* MainComponents */ = {
			isa = PBXGroup;
			children = (
				90631A782718F493006BE066 /* CharacterCollectionComponentDelegate.swift */,
				90631A7A2718F4F4006BE066 /* CharacterCollectionViewData.swift */,
				90631A7C2718F50A006BE066 /* CharacterCollectionView.swift */,
			);
			path = MainComponents;
			sourceTree = "<group>";
		};
		90631A7E2718FA41006BE066 /* Extensions */ = {
			isa = PBXGroup;
			children = (
				90631A7F2718FA52006BE066 /* UICollectionView+Extension.swift */,
			);
			path = Extensions;
			sourceTree = "<group>";
		};
/* End PBXGroup section */

/* Begin PBXNativeTarget section */
		901D9AA72714A056003731CD /* RickAndMorty */ = {
			isa = PBXNativeTarget;
			buildConfigurationList = 901D9AD22714A060003731CD /* Build configuration list for PBXNativeTarget "RickAndMorty" */;
			buildPhases = (
				901D9AA42714A056003731CD /* Sources */,
				901D9AA52714A056003731CD /* Frameworks */,
				901D9AA62714A056003731CD /* Resources */,
			);
			buildRules = (
			);
			dependencies = (
			);
			name = RickAndMorty;
			packageProductDependencies = (
				905CB000271511EC00BED40C /* DefaultNetworkOperationPackage */,
			);
			productName = RickAndMorty;
			productReference = 901D9AA82714A056003731CD /* RickAndMorty.app */;
			productType = "com.apple.product-type.application";
		};
		901D9ABD2714A060003731CD /* RickAndMortyTests */ = {
			isa = PBXNativeTarget;
			buildConfigurationList = 901D9AD52714A060003731CD /* Build configuration list for PBXNativeTarget "RickAndMortyTests" */;
			buildPhases = (
				901D9ABA2714A060003731CD /* Sources */,
				901D9ABB2714A060003731CD /* Frameworks */,
				901D9ABC2714A060003731CD /* Resources */,
			);
			buildRules = (
			);
			dependencies = (
				901D9AC02714A060003731CD /* PBXTargetDependency */,
			);
			name = RickAndMortyTests;
			productName = RickAndMortyTests;
			productReference = 901D9ABE2714A060003731CD /* RickAndMortyTests.xctest */;
			productType = "com.apple.product-type.bundle.unit-test";
		};
		901D9AC72714A060003731CD /* RickAndMortyUITests */ = {
			isa = PBXNativeTarget;
			buildConfigurationList = 901D9AD82714A060003731CD /* Build configuration list for PBXNativeTarget "RickAndMortyUITests" */;
			buildPhases = (
				901D9AC42714A060003731CD /* Sources */,
				901D9AC52714A060003731CD /* Frameworks */,
				901D9AC62714A060003731CD /* Resources */,
			);
			buildRules = (
			);
			dependencies = (
				901D9ACA2714A060003731CD /* PBXTargetDependency */,
			);
			name = RickAndMortyUITests;
			productName = RickAndMortyUITests;
			productReference = 901D9AC82714A060003731CD /* RickAndMortyUITests.xctest */;
			productType = "com.apple.product-type.bundle.ui-testing";
		};
/* End PBXNativeTarget section */

/* Begin PBXProject section */
		901D9AA02714A056003731CD /* Project object */ = {
			isa = PBXProject;
			attributes = {
				BuildIndependentTargetsInParallel = 1;
				LastSwiftUpdateCheck = 1300;
				LastUpgradeCheck = 1300;
				TargetAttributes = {
					901D9AA72714A056003731CD = {
						CreatedOnToolsVersion = 13.0;
					};
					901D9ABD2714A060003731CD = {
						CreatedOnToolsVersion = 13.0;
						TestTargetID = 901D9AA72714A056003731CD;
					};
					901D9AC72714A060003731CD = {
						CreatedOnToolsVersion = 13.0;
						TestTargetID = 901D9AA72714A056003731CD;
					};
				};
			};
			buildConfigurationList = 901D9AA32714A056003731CD /* Build configuration list for PBXProject "RickAndMorty" */;
			compatibilityVersion = "Xcode 13.0";
			developmentRegion = en;
			hasScannedForEncodings = 0;
			knownRegions = (
				en,
				Base,
			);
			mainGroup = 901D9A9F2714A056003731CD;
			packageReferences = (
				905CAFFF271511EC00BED40C /* XCRemoteSwiftPackageReference "DefaultNetworkOperationPackage" */,
			);
			productRefGroup = 901D9AA92714A056003731CD /* Products */;
			projectDirPath = "";
			projectRoot = "";
			targets = (
				901D9AA72714A056003731CD /* RickAndMorty */,
				901D9ABD2714A060003731CD /* RickAndMortyTests */,
				901D9AC72714A060003731CD /* RickAndMortyUITests */,
			);
		};
/* End PBXProject section */

/* Begin PBXResourcesBuildPhase section */
		901D9AA62714A056003731CD /* Resources */ = {
			isa = PBXResourcesBuildPhase;
			buildActionMask = 2147483647;
			files = (
				901D9AB82714A060003731CD /* LaunchScreen.storyboard in Resources */,
				901D9AB52714A060003731CD /* Assets.xcassets in Resources */,
				901D9AB32714A056003731CD /* Main.storyboard in Resources */,
			);
			runOnlyForDeploymentPostprocessing = 0;
		};
		901D9ABC2714A060003731CD /* Resources */ = {
			isa = PBXResourcesBuildPhase;
			buildActionMask = 2147483647;
			files = (
			);
			runOnlyForDeploymentPostprocessing = 0;
		};
		901D9AC62714A060003731CD /* Resources */ = {
			isa = PBXResourcesBuildPhase;
			buildActionMask = 2147483647;
			files = (
			);
			runOnlyForDeploymentPostprocessing = 0;
		};
/* End PBXResourcesBuildPhase section */

/* Begin PBXSourcesBuildPhase section */
		901D9AA42714A056003731CD /* Sources */ = {
			isa = PBXSourcesBuildPhase;
			buildActionMask = 2147483647;
			files = (
				901D9AB02714A056003731CD /* ViewController.swift in Sources */,
				90631A6F27188F37006BE066 /* CharacterCardComponent.swift in Sources */,
				90631A3A2718444B006BE066 /* BaseView.swift in Sources */,
				901D9AAC2714A056003731CD /* AppDelegate.swift in Sources */,
				90631A4E27185712006BE066 /* CharacterSimpleRowComponent.swift in Sources */,
				90631A2A271842D7006BE066 /* CustomImageViewComponentContainer.swift in Sources */,
				90631A4C2718566C006BE066 /* CharacterSimpleRowData.swift in Sources */,
				90631A2B271842D7006BE066 /* CustomImageViewComponentData.swift in Sources */,
				905CAFFE27150F9300BED40C /* EndpointManager.swift in Sources */,
				90631A5427185947006BE066 /* CharacterLocationComponent.swift in Sources */,
				90631A752718F2FC006BE066 /* CharacterCollectionViewCell.swift in Sources */,
				90631A2D271842D7006BE066 /* CustomImageLoadingType.swift in Sources */,
				90631A7D2718F50A006BE066 /* CharacterCollectionView.swift in Sources */,
				905CB00F27151CDD00BED40C /* CharacterRequestModel.swift in Sources */,
				90631A232718428F006BE066 /* ImageCacheManager.swift in Sources */,
				90631A392718444B006BE066 /* GenericBaseView.swift in Sources */,
				90631A4927184ADA006BE066 /* CharacterHeaderComponent.swift in Sources */,
				905CB00D271517B800BED40C /* RickAndMortyDataApiRemote.swift in Sources */,
				905CAFEA2714A85700BED40C /* RMCharacterModel.swift in Sources */,
				90631A2C271842D7006BE066 /* CustomImageViewComponent.swift in Sources */,
				905CAFEC2714A8C700BED40C /* RMCharacterOriginModel.swift in Sources */,
				90631A6D27188EC5006BE066 /* CharacterCardData.swift in Sources */,
				90631A5727185A02006BE066 /* RickAndMortyColor.swift in Sources */,
				905CAFF22714FD9100BED40C /* ResponseInfoModel.swift in Sources */,
				90631A6827188C87006BE066 /* BaseCollectionViewCell.swift in Sources */,
				90631A4627184A4B006BE066 /* CharacterHeaderData.swift in Sources */,
				90631A6A27188CD6006BE066 /* GenericCollectionViewCell.swift in Sources */,
				90631A792718F493006BE066 /* CharacterCollectionComponentDelegate.swift in Sources */,
				90631A362718444B006BE066 /* BaseViewController.swift in Sources */,
				905CB0052715128B00BED40C /* CharacterListRequestServiceProvider.swift in Sources */,
				905CAFF42714FDC200BED40C /* CharacterResponseModel.swift in Sources */,
				905CB01127151CF600BED40C /* CharacterRequestServiceProvider.swift in Sources */,
				90631A6427188792006BE066 /* CharacterCardLabelPackComponent.swift in Sources */,
				901D9AAE2714A056003731CD /* SceneDelegate.swift in Sources */,
				905CB00A2715133600BED40C /* CharacterListRequestModel.swift in Sources */,
				905CAFEE2714A92F00BED40C /* RMCharacterLocationModel.swift in Sources */,
				90631A802718FA52006BE066 /* UICollectionView+Extension.swift in Sources */,
				90631A52271858CC006BE066 /* CharacterLocationData.swift in Sources */,
				90631A66271887A2006BE066 /* CharacterCardLabelPackData.swift in Sources */,
				90631A382718444B006BE066 /* GenericDataProtocol.swift in Sources */,
				90631A6027185C72006BE066 /* LocationTitle.swift in Sources */,
				90631A41271847C8006BE066 /* FontManager.swift in Sources */,
				905CAFF92714FF1300BED40C /* RickAndMortyCharacterDataApiRemoteProtocol.swift in Sources */,
				90631A7B2718F4F4006BE066 /* CharacterCollectionViewData.swift in Sources */,
				90631A352718444B006BE066 /* GenericValueProtocol.swift in Sources */,
			);
			runOnlyForDeploymentPostprocessing = 0;
		};
		901D9ABA2714A060003731CD /* Sources */ = {
			isa = PBXSourcesBuildPhase;
			buildActionMask = 2147483647;
			files = (
				901D9AC32714A060003731CD /* RickAndMortyTests.swift in Sources */,
			);
			runOnlyForDeploymentPostprocessing = 0;
		};
		901D9AC42714A060003731CD /* Sources */ = {
			isa = PBXSourcesBuildPhase;
			buildActionMask = 2147483647;
			files = (
				901D9ACD2714A060003731CD /* RickAndMortyUITests.swift in Sources */,
				901D9ACF2714A060003731CD /* RickAndMortyUITestsLaunchTests.swift in Sources */,
			);
			runOnlyForDeploymentPostprocessing = 0;
		};
/* End PBXSourcesBuildPhase section */

/* Begin PBXTargetDependency section */
		901D9AC02714A060003731CD /* PBXTargetDependency */ = {
			isa = PBXTargetDependency;
			target = 901D9AA72714A056003731CD /* RickAndMorty */;
			targetProxy = 901D9ABF2714A060003731CD /* PBXContainerItemProxy */;
		};
		901D9ACA2714A060003731CD /* PBXTargetDependency */ = {
			isa = PBXTargetDependency;
			target = 901D9AA72714A056003731CD /* RickAndMorty */;
			targetProxy = 901D9AC92714A060003731CD /* PBXContainerItemProxy */;
		};
/* End PBXTargetDependency section */

/* Begin PBXVariantGroup section */
		901D9AB12714A056003731CD /* Main.storyboard */ = {
			isa = PBXVariantGroup;
			children = (
				901D9AB22714A056003731CD /* Base */,
			);
			name = Main.storyboard;
			sourceTree = "<group>";
		};
		901D9AB62714A060003731CD /* LaunchScreen.storyboard */ = {
			isa = PBXVariantGroup;
			children = (
				901D9AB72714A060003731CD /* Base */,
			);
			name = LaunchScreen.storyboard;
			sourceTree = "<group>";
		};
/* End PBXVariantGroup section */

/* Begin XCBuildConfiguration section */
		901D9AD02714A060003731CD /* Debug */ = {
			isa = XCBuildConfiguration;
			buildSettings = {
				ALWAYS_SEARCH_USER_PATHS = NO;
				CLANG_ANALYZER_NONNULL = YES;
				CLANG_ANALYZER_NUMBER_OBJECT_CONVERSION = YES_AGGRESSIVE;
				CLANG_CXX_LANGUAGE_STANDARD = "gnu++17";
				CLANG_CXX_LIBRARY = "libc++";
				CLANG_ENABLE_MODULES = YES;
				CLANG_ENABLE_OBJC_ARC = YES;
				CLANG_ENABLE_OBJC_WEAK = YES;
				CLANG_WARN_BLOCK_CAPTURE_AUTORELEASING = YES;
				CLANG_WARN_BOOL_CONVERSION = YES;
				CLANG_WARN_COMMA = YES;
				CLANG_WARN_CONSTANT_CONVERSION = YES;
				CLANG_WARN_DEPRECATED_OBJC_IMPLEMENTATIONS = YES;
				CLANG_WARN_DIRECT_OBJC_ISA_USAGE = YES_ERROR;
				CLANG_WARN_DOCUMENTATION_COMMENTS = YES;
				CLANG_WARN_EMPTY_BODY = YES;
				CLANG_WARN_ENUM_CONVERSION = YES;
				CLANG_WARN_INFINITE_RECURSION = YES;
				CLANG_WARN_INT_CONVERSION = YES;
				CLANG_WARN_NON_LITERAL_NULL_CONVERSION = YES;
				CLANG_WARN_OBJC_IMPLICIT_RETAIN_SELF = YES;
				CLANG_WARN_OBJC_LITERAL_CONVERSION = YES;
				CLANG_WARN_OBJC_ROOT_CLASS = YES_ERROR;
				CLANG_WARN_QUOTED_INCLUDE_IN_FRAMEWORK_HEADER = YES;
				CLANG_WARN_RANGE_LOOP_ANALYSIS = YES;
				CLANG_WARN_STRICT_PROTOTYPES = YES;
				CLANG_WARN_SUSPICIOUS_MOVE = YES;
				CLANG_WARN_UNGUARDED_AVAILABILITY = YES_AGGRESSIVE;
				CLANG_WARN_UNREACHABLE_CODE = YES;
				CLANG_WARN__DUPLICATE_METHOD_MATCH = YES;
				COPY_PHASE_STRIP = NO;
				DEBUG_INFORMATION_FORMAT = dwarf;
				ENABLE_STRICT_OBJC_MSGSEND = YES;
				ENABLE_TESTABILITY = YES;
				GCC_C_LANGUAGE_STANDARD = gnu11;
				GCC_DYNAMIC_NO_PIC = NO;
				GCC_NO_COMMON_BLOCKS = YES;
				GCC_OPTIMIZATION_LEVEL = 0;
				GCC_PREPROCESSOR_DEFINITIONS = (
					"DEBUG=1",
					"$(inherited)",
				);
				GCC_WARN_64_TO_32_BIT_CONVERSION = YES;
				GCC_WARN_ABOUT_RETURN_TYPE = YES_ERROR;
				GCC_WARN_UNDECLARED_SELECTOR = YES;
				GCC_WARN_UNINITIALIZED_AUTOS = YES_AGGRESSIVE;
				GCC_WARN_UNUSED_FUNCTION = YES;
				GCC_WARN_UNUSED_VARIABLE = YES;
				IPHONEOS_DEPLOYMENT_TARGET = 15.0;
				MTL_ENABLE_DEBUG_INFO = INCLUDE_SOURCE;
				MTL_FAST_MATH = YES;
				ONLY_ACTIVE_ARCH = YES;
				SDKROOT = iphoneos;
				SWIFT_ACTIVE_COMPILATION_CONDITIONS = DEBUG;
				SWIFT_OPTIMIZATION_LEVEL = "-Onone";
			};
			name = Debug;
		};
		901D9AD12714A060003731CD /* Release */ = {
			isa = XCBuildConfiguration;
			buildSettings = {
				ALWAYS_SEARCH_USER_PATHS = NO;
				CLANG_ANALYZER_NONNULL = YES;
				CLANG_ANALYZER_NUMBER_OBJECT_CONVERSION = YES_AGGRESSIVE;
				CLANG_CXX_LANGUAGE_STANDARD = "gnu++17";
				CLANG_CXX_LIBRARY = "libc++";
				CLANG_ENABLE_MODULES = YES;
				CLANG_ENABLE_OBJC_ARC = YES;
				CLANG_ENABLE_OBJC_WEAK = YES;
				CLANG_WARN_BLOCK_CAPTURE_AUTORELEASING = YES;
				CLANG_WARN_BOOL_CONVERSION = YES;
				CLANG_WARN_COMMA = YES;
				CLANG_WARN_CONSTANT_CONVERSION = YES;
				CLANG_WARN_DEPRECATED_OBJC_IMPLEMENTATIONS = YES;
				CLANG_WARN_DIRECT_OBJC_ISA_USAGE = YES_ERROR;
				CLANG_WARN_DOCUMENTATION_COMMENTS = YES;
				CLANG_WARN_EMPTY_BODY = YES;
				CLANG_WARN_ENUM_CONVERSION = YES;
				CLANG_WARN_INFINITE_RECURSION = YES;
				CLANG_WARN_INT_CONVERSION = YES;
				CLANG_WARN_NON_LITERAL_NULL_CONVERSION = YES;
				CLANG_WARN_OBJC_IMPLICIT_RETAIN_SELF = YES;
				CLANG_WARN_OBJC_LITERAL_CONVERSION = YES;
				CLANG_WARN_OBJC_ROOT_CLASS = YES_ERROR;
				CLANG_WARN_QUOTED_INCLUDE_IN_FRAMEWORK_HEADER = YES;
				CLANG_WARN_RANGE_LOOP_ANALYSIS = YES;
				CLANG_WARN_STRICT_PROTOTYPES = YES;
				CLANG_WARN_SUSPICIOUS_MOVE = YES;
				CLANG_WARN_UNGUARDED_AVAILABILITY = YES_AGGRESSIVE;
				CLANG_WARN_UNREACHABLE_CODE = YES;
				CLANG_WARN__DUPLICATE_METHOD_MATCH = YES;
				COPY_PHASE_STRIP = NO;
				DEBUG_INFORMATION_FORMAT = "dwarf-with-dsym";
				ENABLE_NS_ASSERTIONS = NO;
				ENABLE_STRICT_OBJC_MSGSEND = YES;
				GCC_C_LANGUAGE_STANDARD = gnu11;
				GCC_NO_COMMON_BLOCKS = YES;
				GCC_WARN_64_TO_32_BIT_CONVERSION = YES;
				GCC_WARN_ABOUT_RETURN_TYPE = YES_ERROR;
				GCC_WARN_UNDECLARED_SELECTOR = YES;
				GCC_WARN_UNINITIALIZED_AUTOS = YES_AGGRESSIVE;
				GCC_WARN_UNUSED_FUNCTION = YES;
				GCC_WARN_UNUSED_VARIABLE = YES;
				IPHONEOS_DEPLOYMENT_TARGET = 15.0;
				MTL_ENABLE_DEBUG_INFO = NO;
				MTL_FAST_MATH = YES;
				SDKROOT = iphoneos;
				SWIFT_COMPILATION_MODE = wholemodule;
				SWIFT_OPTIMIZATION_LEVEL = "-O";
				VALIDATE_PRODUCT = YES;
			};
			name = Release;
		};
		901D9AD32714A060003731CD /* Debug */ = {
			isa = XCBuildConfiguration;
			buildSettings = {
				ASSETCATALOG_COMPILER_APPICON_NAME = AppIcon;
				ASSETCATALOG_COMPILER_GLOBAL_ACCENT_COLOR_NAME = AccentColor;
				CODE_SIGN_STYLE = Automatic;
				CURRENT_PROJECT_VERSION = 1;
				DEVELOPMENT_TEAM = K837NJXMYB;
				GENERATE_INFOPLIST_FILE = YES;
				INFOPLIST_FILE = RickAndMorty/Info.plist;
				INFOPLIST_KEY_UIApplicationSupportsIndirectInputEvents = YES;
				INFOPLIST_KEY_UILaunchStoryboardName = LaunchScreen;
				INFOPLIST_KEY_UIMainStoryboardFile = Main;
				INFOPLIST_KEY_UISupportedInterfaceOrientations_iPad = "UIInterfaceOrientationPortrait UIInterfaceOrientationPortraitUpsideDown UIInterfaceOrientationLandscapeLeft UIInterfaceOrientationLandscapeRight";
				INFOPLIST_KEY_UISupportedInterfaceOrientations_iPhone = "UIInterfaceOrientationPortrait UIInterfaceOrientationLandscapeLeft UIInterfaceOrientationLandscapeRight";
				LD_RUNPATH_SEARCH_PATHS = (
					"$(inherited)",
					"@executable_path/Frameworks",
				);
				MARKETING_VERSION = 1.0;
				PRODUCT_BUNDLE_IDENTIFIER = com.emircan.RickAndMorty;
				PRODUCT_NAME = "$(TARGET_NAME)";
				SWIFT_EMIT_LOC_STRINGS = YES;
				SWIFT_VERSION = 5.0;
				TARGETED_DEVICE_FAMILY = "1,2";
			};
			name = Debug;
		};
		901D9AD42714A060003731CD /* Release */ = {
			isa = XCBuildConfiguration;
			buildSettings = {
				ASSETCATALOG_COMPILER_APPICON_NAME = AppIcon;
				ASSETCATALOG_COMPILER_GLOBAL_ACCENT_COLOR_NAME = AccentColor;
				CODE_SIGN_STYLE = Automatic;
				CURRENT_PROJECT_VERSION = 1;
				DEVELOPMENT_TEAM = K837NJXMYB;
				GENERATE_INFOPLIST_FILE = YES;
				INFOPLIST_FILE = RickAndMorty/Info.plist;
				INFOPLIST_KEY_UIApplicationSupportsIndirectInputEvents = YES;
				INFOPLIST_KEY_UILaunchStoryboardName = LaunchScreen;
				INFOPLIST_KEY_UIMainStoryboardFile = Main;
				INFOPLIST_KEY_UISupportedInterfaceOrientations_iPad = "UIInterfaceOrientationPortrait UIInterfaceOrientationPortraitUpsideDown UIInterfaceOrientationLandscapeLeft UIInterfaceOrientationLandscapeRight";
				INFOPLIST_KEY_UISupportedInterfaceOrientations_iPhone = "UIInterfaceOrientationPortrait UIInterfaceOrientationLandscapeLeft UIInterfaceOrientationLandscapeRight";
				LD_RUNPATH_SEARCH_PATHS = (
					"$(inherited)",
					"@executable_path/Frameworks",
				);
				MARKETING_VERSION = 1.0;
				PRODUCT_BUNDLE_IDENTIFIER = com.emircan.RickAndMorty;
				PRODUCT_NAME = "$(TARGET_NAME)";
				SWIFT_EMIT_LOC_STRINGS = YES;
				SWIFT_VERSION = 5.0;
				TARGETED_DEVICE_FAMILY = "1,2";
			};
			name = Release;
		};
		901D9AD62714A060003731CD /* Debug */ = {
			isa = XCBuildConfiguration;
			buildSettings = {
				ALWAYS_EMBED_SWIFT_STANDARD_LIBRARIES = YES;
				BUNDLE_LOADER = "$(TEST_HOST)";
				CODE_SIGN_STYLE = Automatic;
				CURRENT_PROJECT_VERSION = 1;
				DEVELOPMENT_TEAM = K837NJXMYB;
				GENERATE_INFOPLIST_FILE = YES;
				IPHONEOS_DEPLOYMENT_TARGET = 15.0;
				LD_RUNPATH_SEARCH_PATHS = (
					"$(inherited)",
					"@executable_path/Frameworks",
					"@loader_path/Frameworks",
				);
				MARKETING_VERSION = 1.0;
				PRODUCT_BUNDLE_IDENTIFIER = com.emircan.RickAndMortyTests;
				PRODUCT_NAME = "$(TARGET_NAME)";
				SWIFT_EMIT_LOC_STRINGS = NO;
				SWIFT_VERSION = 5.0;
				TARGETED_DEVICE_FAMILY = "1,2";
				TEST_HOST = "$(BUILT_PRODUCTS_DIR)/RickAndMorty.app/RickAndMorty";
			};
			name = Debug;
		};
		901D9AD72714A060003731CD /* Release */ = {
			isa = XCBuildConfiguration;
			buildSettings = {
				ALWAYS_EMBED_SWIFT_STANDARD_LIBRARIES = YES;
				BUNDLE_LOADER = "$(TEST_HOST)";
				CODE_SIGN_STYLE = Automatic;
				CURRENT_PROJECT_VERSION = 1;
				DEVELOPMENT_TEAM = K837NJXMYB;
				GENERATE_INFOPLIST_FILE = YES;
				IPHONEOS_DEPLOYMENT_TARGET = 15.0;
				LD_RUNPATH_SEARCH_PATHS = (
					"$(inherited)",
					"@executable_path/Frameworks",
					"@loader_path/Frameworks",
				);
				MARKETING_VERSION = 1.0;
				PRODUCT_BUNDLE_IDENTIFIER = com.emircan.RickAndMortyTests;
				PRODUCT_NAME = "$(TARGET_NAME)";
				SWIFT_EMIT_LOC_STRINGS = NO;
				SWIFT_VERSION = 5.0;
				TARGETED_DEVICE_FAMILY = "1,2";
				TEST_HOST = "$(BUILT_PRODUCTS_DIR)/RickAndMorty.app/RickAndMorty";
			};
			name = Release;
		};
		901D9AD92714A060003731CD /* Debug */ = {
			isa = XCBuildConfiguration;
			buildSettings = {
				ALWAYS_EMBED_SWIFT_STANDARD_LIBRARIES = YES;
				CODE_SIGN_STYLE = Automatic;
				CURRENT_PROJECT_VERSION = 1;
				DEVELOPMENT_TEAM = K837NJXMYB;
				GENERATE_INFOPLIST_FILE = YES;
				LD_RUNPATH_SEARCH_PATHS = (
					"$(inherited)",
					"@executable_path/Frameworks",
					"@loader_path/Frameworks",
				);
				MARKETING_VERSION = 1.0;
				PRODUCT_BUNDLE_IDENTIFIER = com.emircan.RickAndMortyUITests;
				PRODUCT_NAME = "$(TARGET_NAME)";
				SWIFT_EMIT_LOC_STRINGS = NO;
				SWIFT_VERSION = 5.0;
				TARGETED_DEVICE_FAMILY = "1,2";
				TEST_TARGET_NAME = RickAndMorty;
			};
			name = Debug;
		};
		901D9ADA2714A060003731CD /* Release */ = {
			isa = XCBuildConfiguration;
			buildSettings = {
				ALWAYS_EMBED_SWIFT_STANDARD_LIBRARIES = YES;
				CODE_SIGN_STYLE = Automatic;
				CURRENT_PROJECT_VERSION = 1;
				DEVELOPMENT_TEAM = K837NJXMYB;
				GENERATE_INFOPLIST_FILE = YES;
				LD_RUNPATH_SEARCH_PATHS = (
					"$(inherited)",
					"@executable_path/Frameworks",
					"@loader_path/Frameworks",
				);
				MARKETING_VERSION = 1.0;
				PRODUCT_BUNDLE_IDENTIFIER = com.emircan.RickAndMortyUITests;
				PRODUCT_NAME = "$(TARGET_NAME)";
				SWIFT_EMIT_LOC_STRINGS = NO;
				SWIFT_VERSION = 5.0;
				TARGETED_DEVICE_FAMILY = "1,2";
				TEST_TARGET_NAME = RickAndMorty;
			};
			name = Release;
		};
/* End XCBuildConfiguration section */

/* Begin XCConfigurationList section */
		901D9AA32714A056003731CD /* Build configuration list for PBXProject "RickAndMorty" */ = {
			isa = XCConfigurationList;
			buildConfigurations = (
				901D9AD02714A060003731CD /* Debug */,
				901D9AD12714A060003731CD /* Release */,
			);
			defaultConfigurationIsVisible = 0;
			defaultConfigurationName = Release;
		};
		901D9AD22714A060003731CD /* Build configuration list for PBXNativeTarget "RickAndMorty" */ = {
			isa = XCConfigurationList;
			buildConfigurations = (
				901D9AD32714A060003731CD /* Debug */,
				901D9AD42714A060003731CD /* Release */,
			);
			defaultConfigurationIsVisible = 0;
			defaultConfigurationName = Release;
		};
		901D9AD52714A060003731CD /* Build configuration list for PBXNativeTarget "RickAndMortyTests" */ = {
			isa = XCConfigurationList;
			buildConfigurations = (
				901D9AD62714A060003731CD /* Debug */,
				901D9AD72714A060003731CD /* Release */,
			);
			defaultConfigurationIsVisible = 0;
			defaultConfigurationName = Release;
		};
		901D9AD82714A060003731CD /* Build configuration list for PBXNativeTarget "RickAndMortyUITests" */ = {
			isa = XCConfigurationList;
			buildConfigurations = (
				901D9AD92714A060003731CD /* Debug */,
				901D9ADA2714A060003731CD /* Release */,
			);
			defaultConfigurationIsVisible = 0;
			defaultConfigurationName = Release;
		};
/* End XCConfigurationList section */

/* Begin XCRemoteSwiftPackageReference section */
		905CAFFF271511EC00BED40C /* XCRemoteSwiftPackageReference "DefaultNetworkOperationPackage" */ = {
			isa = XCRemoteSwiftPackageReference;
			repositoryURL = "https://github.com/emircanaydin/DefaultNetworkOperationPackage";
			requirement = {
				kind = upToNextMajorVersion;
				minimumVersion = 1.0.0;
			};
		};
/* End XCRemoteSwiftPackageReference section */

/* Begin XCSwiftPackageProductDependency section */
		905CB000271511EC00BED40C /* DefaultNetworkOperationPackage */ = {
			isa = XCSwiftPackageProductDependency;
			package = 905CAFFF271511EC00BED40C /* XCRemoteSwiftPackageReference "DefaultNetworkOperationPackage" */;
			productName = DefaultNetworkOperationPackage;
		};
/* End XCSwiftPackageProductDependency section */
	};
	rootObject = 901D9AA02714A056003731CD /* Project object */;
}
